{
  "name": "ngcomponent",
  "version": "5.0.0",
  "lockfileVersion": 3,
  "requires": true,
  "packages": {
    "": {
      "name": "ngcomponent",
      "version": "5.0.0",
      "license": "Apache-2.0",
      "dependencies": {
        "@types/angular": "^1.6.42",
        "@types/lodash": "^4.14.102",
        "angular": "^1.6.9",
        "lodash": "^4.17.5"
      },
      "devDependencies": {
        "@types/angular-mocks": "^1.5.11",
        "angular-resource": "^1.6.9",
        "ngimport": "^1.0.0",
        "typescript": "^2.7.1"
      }
    },
    "node_modules/@types/angular": {
      "version": "1.6.42",
      "resolved": "https://registry.npmjs.org/@types/angular/-/angular-1.6.42.tgz",
      "integrity": "sha512-JKx/tYYWzVRGQs/FF9Jo55VsF9Vb4D2/CMS1M6fyWOI1dq0dLzt0obJfmxtbgBgjBVzcBJW0ikMJ8oz96Dx7Ow=="
    },
    "node_modules/@types/angular-mocks": {
      "version": "1.5.11",
      "resolved": "https://registry.npmjs.org/@types/angular-mocks/-/angular-mocks-1.5.11.tgz",
      "integrity": "sha512-C8ipXVKQvw+w64kH97Npa3a7uZB7ZL9Kr4+sOe33oYIyxeg09M8bzAWCIYCmPRRV0px6ozFTZeSVjBXDikz2zw==",
      "dev": true,
      "dependencies": {
        "@types/angular": "*"
      }
    },
    "node_modules/@types/lodash": {
      "version": "4.14.102",
      "resolved": "https://registry.npmjs.org/@types/lodash/-/lodash-4.14.102.tgz",
      "integrity": "sha512-k/SxycYmVc6sYo6kzm8cABHcbMs9MXn6jYsja1hLvZ/x9e31VHRRn+1UzWdpv6doVchphvKaOsZ0VTqbF7zvNg=="
    },
    "node_modules/angular": {
      "version": "1.6.9",
      "resolved": "https://registry.npmjs.org/angular/-/angular-1.6.9.tgz",
      "integrity": "sha512-6igWH2GIsxV+J38wNWCh8oyjaZsrIPIDO35twloIUyjlF2Yit6UyLAWujHP05ma/LFxTsx4NtYibRoMNBXPR1A==",
      "deprecated": "For the actively supported Angular, see https://www.npmjs.com/package/@angular/core. AngularJS support has officially ended. For extended AngularJS support options, see https://goo.gle/angularjs-path-forward."
    },
    "node_modules/angular-resource": {
      "version": "1.6.9",
      "resolved": "https://registry.npmjs.org/angular-resource/-/angular-resource-1.6.9.tgz",
      "integrity": "sha512-RNGjhQWGVz5EB1Z1miQNkpwhp2htcBgKRMxeXtNUZf53O1AxwrPy9HajDXi2Lub+tO72TPQOy4HOMW4xmGXz6g==",
      "deprecated": "For the actively supported Angular, see https://www.npmjs.com/package/@angular/core. AngularJS support has officially ended. For extended AngularJS support options, see https://goo.gle/angularjs-path-forward.",
      "dev": true
    },
    "node_modules/lodash": {
      "version": "4.17.5",
      "resolved": "https://registry.npmjs.org/lodash/-/lodash-4.17.5.tgz",
      "integrity": "sha512-svL3uiZf1RwhH+cWrfZn3A4+U58wbP0tGVTLQPbjplZxZ8ROD9VLuNgsRniTlLe7OlSqR79RUehXgpBW/s0IQw=="
    },
    "node_modules/ngimport": {
      "version": "1.0.0",
      "resolved": "https://registry.npmjs.org/ngimport/-/ngimport-1.0.0.tgz",
      "integrity": "sha1-LDvn7eaVmaDHmvOuyNZBO/IPT/E=",
      "dev": true,
      "dependencies": {
        "@types/angular": "^1.6.34"
      },
      "peerDependencies": {
        "angular": ">=1.5.0"
      }
    },
    "node_modules/typescript": {
      "version": "2.7.1",
      "resolved": "https://registry.npmjs.org/typescript/-/typescript-2.7.1.tgz",
      "integrity": "sha512-bqB1yS6o9TNA9ZC/MJxM0FZzPnZdtHj0xWK/IZ5khzVqdpGul/R/EIiHRgFXlwTD7PSIaYVnGKq1QgMCu2mnqw==",
      "dev": true,
      "bin": {
        "tsc": "bin/tsc",
        "tsserver": "bin/tsserver"
      },
      "engines": {
        "node": ">=4.2.0"
      }
    }
  }
}
